
Microsoft Visual Studio Solution File, Format Version 12.00
Project("{FAE04EC0-301F-11D3-BF4B-00C04F79EFBC}") = "CyberSecurity", "CyberSecurity\CyberSecurity.csproj", "{A7384D3C-45F8-40B1-A98C-9510843046A7}"
EndProject
Global
	GlobalSection(SolutionConfigurationPlatforms) = preSolution
		Debug|Any CPU = Debug|Any CPU
		Release|Any CPU = Release|Any CPU
	EndGlobalSection
	GlobalSection(ProjectConfigurationPlatforms) = postSolution
		{A7384D3C-45F8-40B1-A98C-9510843046A7}.Debug|Any CPU.ActiveCfg = Debug|Any CPU
		{A7384D3C-45F8-40B1-A98C-9510843046A7}.Debug|Any CPU.Build.0 = Debug|Any CPU
		{A7384D3C-45F8-40B1-A98C-9510843046A7}.Release|Any CPU.ActiveCfg = Release|Any CPU
		{A7384D3C-45F8-40B1-A98C-9510843046A7}.Release|Any CPU.Build.0 = Release|Any CPU
	EndGlobalSection
EndGlobal
