
Microsoft Visual Studio Solution File, Format Version 12.00
# Visual Studio Version 17
VisualStudioVersion = 17.11.35312.102
MinimumVisualStudioVersion = 10.0.40219.1
Project("{FAE04EC0-301F-11D3-BF4B-00C04F79EFBC}") = "ClientCyberAlgo", "ClientCyberAlgo\ClientCyberAlgo.csproj", "{501B361C-472D-4789-BC76-FFAA86BD651D}"
EndProject
Global
	GlobalSection(SolutionConfigurationPlatforms) = preSolution
		Debug|Any CPU = Debug|Any CPU
		Release|Any CPU = Release|Any CPU
	EndGlobalSection
	GlobalSection(ProjectConfigurationPlatforms) = postSolution
		{501B361C-472D-4789-BC76-FFAA86BD651D}.Debug|Any CPU.ActiveCfg = Debug|Any CPU
		{501B361C-472D-4789-BC76-FFAA86BD651D}.Debug|Any CPU.Build.0 = Debug|Any CPU
		{501B361C-472D-4789-BC76-FFAA86BD651D}.Release|Any CPU.ActiveCfg = Release|Any CPU
		{501B361C-472D-4789-BC76-FFAA86BD651D}.Release|Any CPU.Build.0 = Release|Any CPU
	EndGlobalSection
	GlobalSection(SolutionProperties) = preSolution
		HideSolutionNode = FALSE
	EndGlobalSection
	GlobalSection(ExtensibilityGlobals) = postSolution
		SolutionGuid = {F7E2A0C6-CD60-49C6-87C1-422DFEF79FD7}
	EndGlobalSection
EndGlobal
